
Microsoft Visual Studio Solution File, Format Version 12.00
# Visual Studio Version 17
VisualStudioVersion = 17.1.32210.238
MinimumVisualStudioVersion = 10.0.40219.1
Project("{9A19103F-16F7-4668-BE54-9A1E7A4F7556}") = "CshPlgr.Lib", "CshPlgr.Lib\CshPlgr.Lib.csproj", "{CD702EE6-2E89-4B4B-8A6C-ABD97885A0EA}"
EndProject
Project("{FAE04EC0-301F-11D3-BF4B-00C04F79EFBC}") = "CshPlgr.Lib.Test", "CshPlgr.Lib.Test\CshPlgr.Lib.Test.csproj", "{1A11D7B9-3231-4E2C-AB51-01AA7832AB91}"
EndProject
Global
	GlobalSection(SolutionConfigurationPlatforms) = preSolution
		Debug|Any CPU = Debug|Any CPU
		Release|Any CPU = Release|Any CPU
	EndGlobalSection
	GlobalSection(ProjectConfigurationPlatforms) = postSolution
		{CD702EE6-2E89-4B4B-8A6C-ABD97885A0EA}.Debug|Any CPU.ActiveCfg = Debug|Any CPU
		{CD702EE6-2E89-4B4B-8A6C-ABD97885A0EA}.Debug|Any CPU.Build.0 = Debug|Any CPU
		{CD702EE6-2E89-4B4B-8A6C-ABD97885A0EA}.Release|Any CPU.ActiveCfg = Release|Any CPU
		{CD702EE6-2E89-4B4B-8A6C-ABD97885A0EA}.Release|Any CPU.Build.0 = Release|Any CPU
		{1A11D7B9-3231-4E2C-AB51-01AA7832AB91}.Debug|Any CPU.ActiveCfg = Debug|Any CPU
		{1A11D7B9-3231-4E2C-AB51-01AA7832AB91}.Debug|Any CPU.Build.0 = Debug|Any CPU
		{1A11D7B9-3231-4E2C-AB51-01AA7832AB91}.Release|Any CPU.ActiveCfg = Release|Any CPU
		{1A11D7B9-3231-4E2C-AB51-01AA7832AB91}.Release|Any CPU.Build.0 = Release|Any CPU
	EndGlobalSection
	GlobalSection(SolutionProperties) = preSolution
		HideSolutionNode = FALSE
	EndGlobalSection
	GlobalSection(ExtensibilityGlobals) = postSolution
		SolutionGuid = {871555B5-0A87-4363-B9D7-9DFA1BEAC510}
	EndGlobalSection
EndGlobal
